
Microsoft Visual Studio Solution File, Format Version 12.00
# Visual Studio Version 16
VisualStudioVersion = 16.0.32602.291
MinimumVisualStudioVersion = 10.0.40219.1
Project("{FAE04EC0-301F-11D3-BF4B-00C04F79EFBC}") = "BibliotekaProjekt", "BibliotekaProjekt.csproj", "{3F02965B-B419-4616-A2CD-C2D6D8BC43E4}"
EndProject
Global
	GlobalSection(SolutionConfigurationPlatforms) = preSolution
		Debug|Any CPU = Debug|Any CPU
		Release|Any CPU = Release|Any CPU
	EndGlobalSection
	GlobalSection(ProjectConfigurationPlatforms) = postSolution
		{3F02965B-B419-4616-A2CD-C2D6D8BC43E4}.Debug|Any CPU.ActiveCfg = Debug|Any CPU
		{3F02965B-B419-4616-A2CD-C2D6D8BC43E4}.Debug|Any CPU.Build.0 = Debug|Any CPU
		{3F02965B-B419-4616-A2CD-C2D6D8BC43E4}.Release|Any CPU.ActiveCfg = Release|Any CPU
		{3F02965B-B419-4616-A2CD-C2D6D8BC43E4}.Release|Any CPU.Build.0 = Release|Any CPU
	EndGlobalSection
	GlobalSection(SolutionProperties) = preSolution
		HideSolutionNode = FALSE
	EndGlobalSection
	GlobalSection(ExtensibilityGlobals) = postSolution
		SolutionGuid = {52DF435D-9942-412C-A829-54B3B7FD5398}
	EndGlobalSection
EndGlobal
